# THIS IS AN AUTOGENERATED FILE. DO NOT EDIT THIS FILE DIRECTLY.
# yarn lockfile v1


"@types/jquery@*":
  version "3.2.9"
  resolved "https://registry.yarnpkg.com/@types/jquery/-/jquery-3.2.9.tgz#38e8b5d9eac75f6a0b15b839f7f6559fb0923bda"

"@types/jquery@^2.0.34":
  version "2.0.48"
  resolved "https://registry.yarnpkg.com/@types/jquery/-/jquery-2.0.48.tgz#3e90d8cde2d29015e5583017f7830cb3975b2eef"

"@types/jqueryui@^1.11.31":
  version "1.11.35"
  resolved "https://registry.yarnpkg.com/@types/jqueryui/-/jqueryui-1.11.35.tgz#3245b652c018a0d3f299c4577a610467e41f2af9"
  dependencies:
    "@types/jquery" "*"

"@types/knockout@^3.4.38":
  version "3.4.43"
  resolved "https://registry.yarnpkg.com/@types/knockout/-/knockout-3.4.43.tgz#69328fdcb0179cbbaea5b3b912bb94549b31624f"

"@types/q@0.0.32":
  version "0.0.32"
  resolved "https://registry.yarnpkg.com/@types/q/-/q-0.0.32.tgz#bd284e57c84f1325da702babfc82a5328190c0c5"

"@types/react@^0.14.54":
  version "0.14.57"
  resolved "https://registry.yarnpkg.com/@types/react/-/react-0.14.57.tgz#1878a8654fafdd1d381b8457292b6433498c5b62"

"@types/requirejs@^2.1.28":
  version "2.1.29"
  resolved "https://registry.yarnpkg.com/@types/requirejs/-/requirejs-2.1.29.tgz#bc48bc833c079c2c24ba6afbca6d3a03b3f4e2f3"

vss-web-extension-sdk@^2.117.0:
  version "2.117.0"
  resolved "https://registry.yarnpkg.com/vss-web-extension-sdk/-/vss-web-extension-sdk-2.117.0.tgz#f0cfdff4643f12ea607c2d67bf63671bac27bb47"
  dependencies:
    "@types/jquery" "^2.0.34"
    "@types/jqueryui" "^1.11.31"
    "@types/knockout" "^3.4.38"
    "@types/q" "0.0.32"
    "@types/react" "^0.14.54"
    "@types/requirejs" "^2.1.28"
